
Microsoft Visual Studio Solution File, Format Version 12.00
Project("{FAE04EC0-301F-11D3-BF4B-00C04F79EFBC}") = "pdfCreator", "pdfCreator\pdfCreator.csproj", "{2F221D23-3CD8-4AC7-B5CF-2122FA5E24B2}"
EndProject
Project("{FAE04EC0-301F-11D3-BF4B-00C04F79EFBC}") = "pdfSharp", "pdfSharp\pdfSharp.csproj", "{F5CA161F-B96F-49D0-B713-57254DF84067}"
EndProject
Project("{FAE04EC0-301F-11D3-BF4B-00C04F79EFBC}") = "ExcelReader", "ExcelReader\ExcelReader.csproj", "{290FA00F-EC1A-4ECC-8419-2648C79459F8}"
EndProject
Global
	GlobalSection(SolutionConfigurationPlatforms) = preSolution
		Debug|Any CPU = Debug|Any CPU
		Release|Any CPU = Release|Any CPU
	EndGlobalSection
	GlobalSection(ProjectConfigurationPlatforms) = postSolution
		{2F221D23-3CD8-4AC7-B5CF-2122FA5E24B2}.Debug|Any CPU.ActiveCfg = Debug|Any CPU
		{2F221D23-3CD8-4AC7-B5CF-2122FA5E24B2}.Debug|Any CPU.Build.0 = Debug|Any CPU
		{2F221D23-3CD8-4AC7-B5CF-2122FA5E24B2}.Release|Any CPU.ActiveCfg = Release|Any CPU
		{2F221D23-3CD8-4AC7-B5CF-2122FA5E24B2}.Release|Any CPU.Build.0 = Release|Any CPU
		{F5CA161F-B96F-49D0-B713-57254DF84067}.Debug|Any CPU.ActiveCfg = Debug|Any CPU
		{F5CA161F-B96F-49D0-B713-57254DF84067}.Debug|Any CPU.Build.0 = Debug|Any CPU
		{F5CA161F-B96F-49D0-B713-57254DF84067}.Release|Any CPU.ActiveCfg = Release|Any CPU
		{F5CA161F-B96F-49D0-B713-57254DF84067}.Release|Any CPU.Build.0 = Release|Any CPU
		{290FA00F-EC1A-4ECC-8419-2648C79459F8}.Debug|Any CPU.ActiveCfg = Debug|Any CPU
		{290FA00F-EC1A-4ECC-8419-2648C79459F8}.Debug|Any CPU.Build.0 = Debug|Any CPU
		{290FA00F-EC1A-4ECC-8419-2648C79459F8}.Release|Any CPU.ActiveCfg = Release|Any CPU
		{290FA00F-EC1A-4ECC-8419-2648C79459F8}.Release|Any CPU.Build.0 = Release|Any CPU
	EndGlobalSection
EndGlobal
